{
  "version": 4,
  "terraform_version": "1.8.4",
  "serial": 2,
  "lineage": "4ca30b3d-50a9-82ef-0903-e4f8e108c2cf",
  "outputs": {},
  "resources": [
    {
      "module": "module.mko-custom-metrics",
      "mode": "data",
      "type": "aws_caller_identity",
      "name": "current",
      "provider": "provider[\"registry.terraform.io/hashicorp/aws\"]",
      "instances": [
        {
          "schema_version": 0,
          "attributes": {
            "account_id": "767397804730",
            "arn": "arn:aws:iam::767397804730:user/marichka",
            "id": "767397804730",
            "user_id": "AIDA3FLDZHK5BCHIFHPYC"
          },
          "sensitive_attributes": []
        }
      ]
    },
    {
      "module": "module.mko-custom-metrics",
      "mode": "data",
      "type": "aws_iam_policy_document",
      "name": "assume_role_policy",
      "provider": "provider[\"registry.terraform.io/hashicorp/aws\"]",
      "instances": [
        {
          "schema_version": 0,
          "attributes": {
            "id": "988126926",
            "json": "{\n  \"Version\": \"2012-10-17\",\n  \"Statement\": [\n    {\n      \"Sid\": \"AssumePolicy\",\n      \"Effect\": \"Allow\",\n      \"Action\": \"sts:AssumeRole\",\n      \"Principal\": {\n        \"Service\": \"lambda.amazonaws.com\"\n      }\n    }\n  ]\n}",
            "override_json": null,
            "override_policy_documents": null,
            "policy_id": null,
            "source_json": null,
            "source_policy_documents": null,
            "statement": [
              {
                "actions": [
                  "sts:AssumeRole"
                ],
                "condition": [],
                "effect": "Allow",
                "not_actions": [],
                "not_principals": [],
                "not_resources": [],
                "principals": [
                  {
                    "identifiers": [
                      "lambda.amazonaws.com"
                    ],
                    "type": "Service"
                  }
                ],
                "resources": [],
                "sid": "AssumePolicy"
              }
            ],
            "version": "2012-10-17"
          },
          "sensitive_attributes": []
        }
      ]
    },
    {
      "module": "module.mko-custom-metrics",
      "mode": "data",
      "type": "aws_iam_policy_document",
      "name": "default_policy",
      "provider": "provider[\"registry.terraform.io/hashicorp/aws\"]",
      "instances": [
        {
          "schema_version": 0,
          "attributes": {
            "id": "3745564559",
            "json": "{\n  \"Version\": \"2012-10-17\",\n  \"Statement\": [\n    {\n      \"Sid\": \"CreateLogs\",\n      \"Effect\": \"Allow\",\n      \"Action\": \"logs:CreateLogStream\",\n      \"Resource\": \"arn:aws:logs:*:*:*\"\n    },\n    {\n      \"Sid\": \"PutLogs\",\n      \"Effect\": \"Allow\",\n      \"Action\": \"logs:PutLogEvents\",\n      \"Resource\": \"arn:aws:logs:*:*log-group:/aws/lambda/custom-metrics:*\"\n    }\n  ]\n}",
            "override_json": null,
            "override_policy_documents": null,
            "policy_id": null,
            "source_json": null,
            "source_policy_documents": null,
            "statement": [
              {
                "actions": [
                  "logs:CreateLogStream"
                ],
                "condition": [],
                "effect": "Allow",
                "not_actions": [],
                "not_principals": [],
                "not_resources": [],
                "principals": [],
                "resources": [
                  "arn:aws:logs:*:*:*"
                ],
                "sid": "CreateLogs"
              },
              {
                "actions": [
                  "logs:PutLogEvents"
                ],
                "condition": [],
                "effect": "Allow",
                "not_actions": [],
                "not_principals": [],
                "not_resources": [],
                "principals": [],
                "resources": [
                  "arn:aws:logs:*:*log-group:/aws/lambda/custom-metrics:*"
                ],
                "sid": "PutLogs"
              }
            ],
            "version": "2012-10-17"
          },
          "sensitive_attributes": []
        }
      ]
    },
    {
      "module": "module.mko-custom-metrics",
      "mode": "managed",
      "type": "aws_cloudwatch_log_group",
      "name": "default",
      "provider": "provider[\"registry.terraform.io/hashicorp/aws\"]",
      "instances": [
        {
          "schema_version": 0,
          "attributes": {
            "arn": "arn:aws:logs:eu-central-1:767397804730:log-group:/aws/lambda/custom-metrics",
            "id": "/aws/lambda/custom-metrics",
            "kms_key_id": "",
            "log_group_class": "STANDARD",
            "name": "/aws/lambda/custom-metrics",
            "name_prefix": "",
            "retention_in_days": 30,
            "skip_destroy": false,
            "tags": {},
            "tags_all": {}
          },
          "sensitive_attributes": [],
          "private": "bnVsbA=="
        }
      ]
    },
    {
      "module": "module.mko-custom-metrics",
      "mode": "managed",
      "type": "aws_iam_policy",
      "name": "default_policy",
      "provider": "provider[\"registry.terraform.io/hashicorp/aws\"]",
      "instances": [
        {
          "schema_version": 0,
          "attributes": {
            "arn": "arn:aws:iam::767397804730:policy/custom-metrics-lambda-default",
            "attachment_count": 1,
            "description": "",
            "id": "arn:aws:iam::767397804730:policy/custom-metrics-lambda-default",
            "name": "custom-metrics-lambda-default",
            "name_prefix": "",
            "path": "/",
            "policy": "{\"Statement\":[{\"Action\":\"logs:CreateLogStream\",\"Effect\":\"Allow\",\"Resource\":\"arn:aws:logs:*:*:*\",\"Sid\":\"CreateLogs\"},{\"Action\":\"logs:PutLogEvents\",\"Effect\":\"Allow\",\"Resource\":\"arn:aws:logs:*:*log-group:/aws/lambda/custom-metrics:*\",\"Sid\":\"PutLogs\"}],\"Version\":\"2012-10-17\"}",
            "policy_id": "ANPA3FLDZHK5AYVCTLKBV",
            "tags": {},
            "tags_all": {}
          },
          "sensitive_attributes": [],
          "private": "bnVsbA=="
        }
      ]
    },
    {
      "module": "module.mko-custom-metrics",
      "mode": "managed",
      "type": "aws_iam_role",
      "name": "lambda_role",
      "provider": "provider[\"registry.terraform.io/hashicorp/aws\"]",
      "instances": [
        {
          "schema_version": 0,
          "attributes": {
            "arn": "arn:aws:iam::767397804730:role/custom-metrics-lambda",
            "assume_role_policy": "{\"Statement\":[{\"Action\":\"sts:AssumeRole\",\"Effect\":\"Allow\",\"Principal\":{\"Service\":\"lambda.amazonaws.com\"},\"Sid\":\"AssumePolicy\"}],\"Version\":\"2012-10-17\"}",
            "create_date": "2024-05-05T19:21:53Z",
            "description": "",
            "force_detach_policies": false,
            "id": "custom-metrics-lambda",
            "inline_policy": [],
            "managed_policy_arns": [
              "arn:aws:iam::767397804730:policy/custom-metrics-lambda-default"
            ],
            "max_session_duration": 3600,
            "name": "custom-metrics-lambda",
            "name_prefix": "",
            "path": "/",
            "permissions_boundary": "",
            "tags": {},
            "tags_all": {},
            "unique_id": "AROA3FLDZHK5LHIKGGRN4"
          },
          "sensitive_attributes": [],
          "private": "bnVsbA=="
        }
      ]
    },
    {
      "module": "module.mko-custom-metrics",
      "mode": "managed",
      "type": "aws_iam_role_policy_attachment",
      "name": "default_policy_attach",
      "provider": "provider[\"registry.terraform.io/hashicorp/aws\"]",
      "instances": [
        {
          "schema_version": 0,
          "attributes": {
            "id": "custom-metrics-lambda-20240505192153518200000002",
            "policy_arn": "arn:aws:iam::767397804730:policy/custom-metrics-lambda-default",
            "role": "custom-metrics-lambda"
          },
          "sensitive_attributes": [],
          "private": "bnVsbA=="
        }
      ]
    },
    {
      "module": "module.mko-custom-metrics",
      "mode": "managed",
      "type": "aws_lambda_function",
      "name": "default",
      "provider": "provider[\"registry.terraform.io/hashicorp/aws\"]",
      "instances": [
        {
          "schema_version": 0,
          "attributes": {
            "architectures": [
              "x86_64"
            ],
            "arn": "arn:aws:lambda:eu-central-1:767397804730:function:custom-metrics",
            "code_signing_config_arn": "",
            "dead_letter_config": [],
            "description": "",
            "environment": [],
            "ephemeral_storage": [
              {
                "size": 512
              }
            ],
            "file_system_config": [],
            "filename": "../aws-custom-metrics/function/custom_metrics.zip",
            "function_name": "custom-metrics",
            "handler": "custom-metrics.lambda_handler",
            "id": "custom-metrics",
            "image_config": [],
            "image_uri": "",
            "invoke_arn": "arn:aws:apigateway:eu-central-1:lambda:path/2015-03-31/functions/arn:aws:lambda:eu-central-1:767397804730:function:custom-metrics/invocations",
            "kms_key_arn": "",
            "last_modified": "2024-05-05T19:26:45.911+0000",
            "layers": [],
            "logging_config": [
              {
                "application_log_level": "",
                "log_format": "Text",
                "log_group": "/aws/lambda/custom-metrics",
                "system_log_level": ""
              }
            ],
            "memory_size": 128,
            "package_type": "Zip",
            "publish": false,
            "qualified_arn": "arn:aws:lambda:eu-central-1:767397804730:function:custom-metrics:$LATEST",
            "qualified_invoke_arn": "arn:aws:apigateway:eu-central-1:lambda:path/2015-03-31/functions/arn:aws:lambda:eu-central-1:767397804730:function:custom-metrics:$LATEST/invocations",
            "replace_security_groups_on_destroy": null,
            "replacement_security_group_ids": null,
            "reserved_concurrent_executions": -1,
            "role": "arn:aws:iam::767397804730:role/custom-metrics-lambda",
            "runtime": "python3.9",
            "s3_bucket": null,
            "s3_key": null,
            "s3_object_version": null,
            "signing_job_arn": "",
            "signing_profile_version_arn": "",
            "skip_destroy": false,
            "snap_start": [],
            "source_code_hash": "ZnXTFd0xTzfXLik43HCSF5jKdMVLDelf78/XOa/qY7w=",
            "source_code_size": 259,
            "tags": {
              "Name": "custom-metrics",
              "owner": "terraform"
            },
            "tags_all": {
              "Name": "custom-metrics",
              "owner": "terraform"
            },
            "timeout": 10,
            "timeouts": null,
            "tracing_config": [
              {
                "mode": "PassThrough"
              }
            ],
            "version": "$LATEST",
            "vpc_config": []
          },
          "sensitive_attributes": [],
          "private": "eyJlMmJmYjczMC1lY2FhLTExZTYtOGY4OC0zNDM2M2JjN2M0YzAiOnsiY3JlYXRlIjo2MDAwMDAwMDAwMDAsImRlbGV0ZSI6NjAwMDAwMDAwMDAwLCJ1cGRhdGUiOjYwMDAwMDAwMDAwMH19"
        }
      ]
    },
    {
      "module": "module.mko-provider-inbox-s3-trigger",
      "mode": "data",
      "type": "aws_caller_identity",
      "name": "current",
      "provider": "provider[\"registry.terraform.io/hashicorp/aws\"]",
      "instances": [
        {
          "schema_version": 0,
          "attributes": {
            "account_id": "767397804730",
            "arn": "arn:aws:iam::767397804730:user/marichka",
            "id": "767397804730",
            "user_id": "AIDA3FLDZHK5BCHIFHPYC"
          },
          "sensitive_attributes": []
        }
      ]
    },
    {
      "module": "module.mko-provider-inbox-s3-trigger",
      "mode": "data",
      "type": "aws_iam_policy_document",
      "name": "assume_role_policy",
      "provider": "provider[\"registry.terraform.io/hashicorp/aws\"]",
      "instances": [
        {
          "schema_version": 0,
          "attributes": {
            "id": "988126926",
            "json": "{\n  \"Version\": \"2012-10-17\",\n  \"Statement\": [\n    {\n      \"Sid\": \"AssumePolicy\",\n      \"Effect\": \"Allow\",\n      \"Action\": \"sts:AssumeRole\",\n      \"Principal\": {\n        \"Service\": \"lambda.amazonaws.com\"\n      }\n    }\n  ]\n}",
            "override_json": null,
            "override_policy_documents": null,
            "policy_id": null,
            "source_json": null,
            "source_policy_documents": null,
            "statement": [
              {
                "actions": [
                  "sts:AssumeRole"
                ],
                "condition": [],
                "effect": "Allow",
                "not_actions": [],
                "not_principals": [],
                "not_resources": [],
                "principals": [
                  {
                    "identifiers": [
                      "lambda.amazonaws.com"
                    ],
                    "type": "Service"
                  }
                ],
                "resources": [],
                "sid": "AssumePolicy"
              }
            ],
            "version": "2012-10-17"
          },
          "sensitive_attributes": []
        }
      ]
    },
    {
      "module": "module.mko-provider-inbox-s3-trigger",
      "mode": "data",
      "type": "aws_iam_policy_document",
      "name": "default_policy",
      "provider": "provider[\"registry.terraform.io/hashicorp/aws\"]",
      "instances": [
        {
          "schema_version": 0,
          "attributes": {
            "id": "3110718372",
            "json": "{\n  \"Version\": \"2012-10-17\",\n  \"Statement\": [\n    {\n      \"Sid\": \"CreateLogs\",\n      \"Effect\": \"Allow\",\n      \"Action\": \"logs:CreateLogStream\",\n      \"Resource\": \"arn:aws:logs:*:*:*\"\n    },\n    {\n      \"Sid\": \"PutLogs\",\n      \"Effect\": \"Allow\",\n      \"Action\": \"logs:PutLogEvents\",\n      \"Resource\": \"arn:aws:logs:*:*log-group:/aws/lambda/provider-inbox-s3-trigger:*\"\n    }\n  ]\n}",
            "override_json": null,
            "override_policy_documents": null,
            "policy_id": null,
            "source_json": null,
            "source_policy_documents": null,
            "statement": [
              {
                "actions": [
                  "logs:CreateLogStream"
                ],
                "condition": [],
                "effect": "Allow",
                "not_actions": [],
                "not_principals": [],
                "not_resources": [],
                "principals": [],
                "resources": [
                  "arn:aws:logs:*:*:*"
                ],
                "sid": "CreateLogs"
              },
              {
                "actions": [
                  "logs:PutLogEvents"
                ],
                "condition": [],
                "effect": "Allow",
                "not_actions": [],
                "not_principals": [],
                "not_resources": [],
                "principals": [],
                "resources": [
                  "arn:aws:logs:*:*log-group:/aws/lambda/provider-inbox-s3-trigger:*"
                ],
                "sid": "PutLogs"
              }
            ],
            "version": "2012-10-17"
          },
          "sensitive_attributes": []
        }
      ]
    },
    {
      "module": "module.mko-provider-inbox-s3-trigger",
      "mode": "managed",
      "type": "aws_cloudwatch_log_group",
      "name": "default",
      "provider": "provider[\"registry.terraform.io/hashicorp/aws\"]",
      "instances": [
        {
          "schema_version": 0,
          "attributes": {
            "arn": "arn:aws:logs:eu-central-1:767397804730:log-group:/aws/lambda/provider-inbox-s3-trigger",
            "id": "/aws/lambda/provider-inbox-s3-trigger",
            "kms_key_id": "",
            "log_group_class": "STANDARD",
            "name": "/aws/lambda/provider-inbox-s3-trigger",
            "name_prefix": "",
            "retention_in_days": 30,
            "skip_destroy": false,
            "tags": {},
            "tags_all": {}
          },
          "sensitive_attributes": [],
          "private": "bnVsbA=="
        }
      ]
    },
    {
      "module": "module.mko-provider-inbox-s3-trigger",
      "mode": "managed",
      "type": "aws_iam_policy",
      "name": "default_policy",
      "provider": "provider[\"registry.terraform.io/hashicorp/aws\"]",
      "instances": [
        {
          "schema_version": 0,
          "attributes": {
            "arn": "arn:aws:iam::767397804730:policy/provider-inbox-s3-trigger-lambda-default",
            "attachment_count": 1,
            "description": "",
            "id": "arn:aws:iam::767397804730:policy/provider-inbox-s3-trigger-lambda-default",
            "name": "provider-inbox-s3-trigger-lambda-default",
            "name_prefix": "",
            "path": "/",
            "policy": "{\"Statement\":[{\"Action\":\"logs:CreateLogStream\",\"Effect\":\"Allow\",\"Resource\":\"arn:aws:logs:*:*:*\",\"Sid\":\"CreateLogs\"},{\"Action\":\"logs:PutLogEvents\",\"Effect\":\"Allow\",\"Resource\":\"arn:aws:logs:*:*log-group:/aws/lambda/provider-inbox-s3-trigger:*\",\"Sid\":\"PutLogs\"}],\"Version\":\"2012-10-17\"}",
            "policy_id": "ANPA3FLDZHK5AAXP3D63B",
            "tags": {},
            "tags_all": {}
          },
          "sensitive_attributes": [],
          "private": "bnVsbA=="
        }
      ]
    },
    {
      "module": "module.mko-provider-inbox-s3-trigger",
      "mode": "managed",
      "type": "aws_iam_role",
      "name": "lambda_role",
      "provider": "provider[\"registry.terraform.io/hashicorp/aws\"]",
      "instances": [
        {
          "schema_version": 0,
          "attributes": {
            "arn": "arn:aws:iam::767397804730:role/provider-inbox-s3-trigger-lambda",
            "assume_role_policy": "{\"Statement\":[{\"Action\":\"sts:AssumeRole\",\"Effect\":\"Allow\",\"Principal\":{\"Service\":\"lambda.amazonaws.com\"},\"Sid\":\"AssumePolicy\"}],\"Version\":\"2012-10-17\"}",
            "create_date": "2024-05-05T19:21:53Z",
            "description": "",
            "force_detach_policies": false,
            "id": "provider-inbox-s3-trigger-lambda",
            "inline_policy": [],
            "managed_policy_arns": [
              "arn:aws:iam::767397804730:policy/provider-inbox-s3-trigger-lambda-default"
            ],
            "max_session_duration": 3600,
            "name": "provider-inbox-s3-trigger-lambda",
            "name_prefix": "",
            "path": "/",
            "permissions_boundary": "",
            "tags": {},
            "tags_all": {},
            "unique_id": "AROA3FLDZHK5K7FWS6X3O"
          },
          "sensitive_attributes": [],
          "private": "bnVsbA=="
        }
      ]
    },
    {
      "module": "module.mko-provider-inbox-s3-trigger",
      "mode": "managed",
      "type": "aws_iam_role_policy_attachment",
      "name": "default_policy_attach",
      "provider": "provider[\"registry.terraform.io/hashicorp/aws\"]",
      "instances": [
        {
          "schema_version": 0,
          "attributes": {
            "id": "provider-inbox-s3-trigger-lambda-20240505192153432000000001",
            "policy_arn": "arn:aws:iam::767397804730:policy/provider-inbox-s3-trigger-lambda-default",
            "role": "provider-inbox-s3-trigger-lambda"
          },
          "sensitive_attributes": [],
          "private": "bnVsbA=="
        }
      ]
    },
    {
      "module": "module.mko-provider-inbox-s3-trigger",
      "mode": "managed",
      "type": "aws_lambda_function",
      "name": "default",
      "provider": "provider[\"registry.terraform.io/hashicorp/aws\"]",
      "instances": [
        {
          "schema_version": 0,
          "attributes": {
            "architectures": [
              "x86_64"
            ],
            "arn": "arn:aws:lambda:eu-central-1:767397804730:function:provider-inbox-s3-trigger",
            "code_signing_config_arn": "",
            "dead_letter_config": [],
            "description": "",
            "environment": [],
            "ephemeral_storage": [
              {
                "size": 512
              }
            ],
            "file_system_config": [],
            "filename": "../aws-provider-inbox-s3-trigger/function/provider_inbox_s3_trigger.zip",
            "function_name": "provider-inbox-s3-trigger",
            "handler": "provider-inbox-s3-trigger.lambda_handler",
            "id": "provider-inbox-s3-trigger",
            "image_config": [],
            "image_uri": "",
            "invoke_arn": "arn:aws:apigateway:eu-central-1:lambda:path/2015-03-31/functions/arn:aws:lambda:eu-central-1:767397804730:function:provider-inbox-s3-trigger/invocations",
            "kms_key_arn": "",
            "last_modified": "2024-05-05T19:26:45.232+0000",
            "layers": [],
            "logging_config": [
              {
                "application_log_level": "",
                "log_format": "Text",
                "log_group": "/aws/lambda/provider-inbox-s3-trigger",
                "system_log_level": ""
              }
            ],
            "memory_size": 128,
            "package_type": "Zip",
            "publish": false,
            "qualified_arn": "arn:aws:lambda:eu-central-1:767397804730:function:provider-inbox-s3-trigger:$LATEST",
            "qualified_invoke_arn": "arn:aws:apigateway:eu-central-1:lambda:path/2015-03-31/functions/arn:aws:lambda:eu-central-1:767397804730:function:provider-inbox-s3-trigger:$LATEST/invocations",
            "replace_security_groups_on_destroy": null,
            "replacement_security_group_ids": null,
            "reserved_concurrent_executions": -1,
            "role": "arn:aws:iam::767397804730:role/provider-inbox-s3-trigger-lambda",
            "runtime": "python3.9",
            "s3_bucket": null,
            "s3_key": null,
            "s3_object_version": null,
            "signing_job_arn": "",
            "signing_profile_version_arn": "",
            "skip_destroy": false,
            "snap_start": [],
            "source_code_hash": "iEWX9Fr46OH+a3c6NmnBIjQMrfikDBeMdDtG3hdjYBQ=",
            "source_code_size": 281,
            "tags": {
              "Name": "provider-inbox-s3-trigger",
              "owner": "terraform"
            },
            "tags_all": {
              "Name": "provider-inbox-s3-trigger",
              "owner": "terraform"
            },
            "timeout": 10,
            "timeouts": null,
            "tracing_config": [
              {
                "mode": "PassThrough"
              }
            ],
            "version": "$LATEST",
            "vpc_config": []
          },
          "sensitive_attributes": [],
          "private": "eyJlMmJmYjczMC1lY2FhLTExZTYtOGY4OC0zNDM2M2JjN2M0YzAiOnsiY3JlYXRlIjo2MDAwMDAwMDAwMDAsImRlbGV0ZSI6NjAwMDAwMDAwMDAwLCJ1cGRhdGUiOjYwMDAwMDAwMDAwMH19"
        }
      ]
    }
  ],
  "check_results": null
}
